Microsoft Visual Studio Solution File, Format Version 12.00
# Visual Studio Version 17
VisualStudioVersion = 17.5.2.0
MinimumVisualStudioVersion = 10.0.40219.1
Project("{FAE04EC0-301F-11D3-BF4B-00C04F79EFBC}") = "RetailStoreDbApp", "RetailStoreDbApp.csproj", "{BBA134E3-9688-DDC6-0E15-C37771ED18B4}"
EndProject
Global
	GlobalSection(SolutionConfigurationPlatforms) = preSolution
		Debug|Any CPU = Debug|Any CPU
		Release|Any CPU = Release|Any CPU
	EndGlobalSection
	GlobalSection(ProjectConfigurationPlatforms) = postSolution
		{BBA134E3-9688-DDC6-0E15-C37771ED18B4}.Debug|Any CPU.ActiveCfg = Debug|Any CPU
		{BBA134E3-9688-DDC6-0E15-C37771ED18B4}.Debug|Any CPU.Build.0 = Debug|Any CPU
		{BBA134E3-9688-DDC6-0E15-C37771ED18B4}.Release|Any CPU.ActiveCfg = Release|Any CPU
		{BBA134E3-9688-DDC6-0E15-C37771ED18B4}.Release|Any CPU.Build.0 = Release|Any CPU
	EndGlobalSection
	GlobalSection(SolutionProperties) = preSolution
		HideSolutionNode = FALSE
	EndGlobalSection
	GlobalSection(ExtensibilityGlobals) = postSolution
		SolutionGuid = {5034F46D-1795-4F62-9F67-AF81ED917853}
	EndGlobalSection
EndGlobal
